
Microsoft Visual Studio Solution File, Format Version 11.00
# Visual Studio 2010
Project("{FAE04EC0-301F-11D3-BF4B-00C04F79EFBC}") = "Assembly-CSharp", "Assembly-CSharp.csproj", "{02a87957-18a2-8133-94af-0cbd9b144071}"
EndProject
Project("{FAE04EC0-301F-11D3-BF4B-00C04F79EFBC}") = "FastScriptReload.Editor", "FastScriptReload.Editor.csproj", "{3e06766c-66ec-5bb1-150b-9ee15f1210ee}"
EndProject
Project("{FAE04EC0-301F-11D3-BF4B-00C04F79EFBC}") = "FastScriptReload.Runtime", "FastScriptReload.Runtime.csproj", "{5e0b1af4-e578-915a-e37b-b56999e3c4bf}"
EndProject
Global
	GlobalSection(SolutionConfigurationPlatforms) = preSolution
		Debug|Any CPU = Debug|Any CPU
	EndGlobalSection
	GlobalSection(ProjectConfigurationPlatforms) = postSolution
		{02a87957-18a2-8133-94af-0cbd9b144071}.Debug|Any CPU.ActiveCfg = Debug|Any CPU
		{02a87957-18a2-8133-94af-0cbd9b144071}.Debug|Any CPU.Build.0 = Debug|Any CPU
		{3e06766c-66ec-5bb1-150b-9ee15f1210ee}.Debug|Any CPU.ActiveCfg = Debug|Any CPU
		{3e06766c-66ec-5bb1-150b-9ee15f1210ee}.Debug|Any CPU.Build.0 = Debug|Any CPU
		{5e0b1af4-e578-915a-e37b-b56999e3c4bf}.Debug|Any CPU.ActiveCfg = Debug|Any CPU
		{5e0b1af4-e578-915a-e37b-b56999e3c4bf}.Debug|Any CPU.Build.0 = Debug|Any CPU
	EndGlobalSection
	GlobalSection(SolutionProperties) = preSolution
		HideSolutionNode = FALSE
	EndGlobalSection
EndGlobal
